# This file is automatically @generated by Poetry 2.4.1 and should not be changed by hand.

[[package]]
name = "asgiref"
version = "3.12.1"
description = "ASGI specs, helper code, and adapters"
optional = false
python-versions = ">=3.10"
groups = ["main"]
files = [
    {file = "asgiref-3.12.1-py3-none-any.whl", hash = "sha256:fe386d1c2bff7259ea95929266d12a8cf9a8b5a1c2598402967d8792e7a7c094"},
    {file = "asgiref-3.12.1.tar.gz", hash = "sha256:59dcb51c272ad209d59bed5708a64a333083e86017d7fcdd67498eeab7784340"},
]

[package.extras]
mypy = ["mypy (>=1.14.0)"]
tests = ["pytest", "pytest-asyncio"]

[[package]]
name = "certifi"
version = "2026.7.22"
description = "Python package for providing Mozilla's CA Bundle."
optional = false
python-versions = ">=3.7"
groups = ["main"]
files = [
    {file = "certifi-2026.7.22-py3-none-any.whl", hash = "sha256:62f22742b58a1a33014a2b6b706588a8d7e2a88ae7bd1a6ebe8c992928483775"},
    {file = "certifi-2026.7.22.tar.gz", hash = "sha256:741e2c3b351ddf169a738da9f2c048608ff7f2c5cc02f1ebc6b118bb090d5d55"},
]

[[package]]
name = "django"
version = "6.1.1"
description = "A high-level Python web framework that encourages rapid development and clean, pragmatic design."
optional = false
python-versions = ">=3.12"
groups = ["main"]
files = [
    {file = "django-6.1.1-py3-none-any.whl", hash = "sha256:585fb82bf15053c42cf52e67c2f1b54a032dca384759315fd6678ab1870d1d72"},
    {file = "django-6.1.1.tar.gz", hash = "sha256:7ab93536d8e677aa14554c56426290c69480bf2ee68d7513d4a22f57d6bfeb84"},
]

[package.dependencies]
asgiref = ">=3.9.1"
sqlparse = ">=0.5.0"
tzdata = {version = "*", markers = "sys_platform == \"win32\""}

[package.extras]
argon2 = ["argon2-cffi (>=23.1.0)"]
bcrypt = ["bcrypt (>=4.1.1)"]

[[package]]
name = "django-cors-headers"
version = "4.9.0"
description = "django-cors-headers is a Django application for handling the server headers required for Cross-Origin Resource Sharing (CORS)."
optional = false
python-versions = ">=3.9"
groups = ["main"]
files = [
    {file = "django_cors_headers-4.9.0-py3-none-any.whl", hash = "sha256:15c7f20727f90044dcee2216a9fd7303741a864865f0c3657e28b7056f61b449"},
    {file = "django_cors_headers-4.9.0.tar.gz", hash = "sha256:fe5d7cb59fdc2c8c646ce84b727ac2bca8912a247e6e68e1fb507372178e59e8"},
]

[package.dependencies]
asgiref = ">=3.6"
django = ">=4.2"

[[package]]
name = "django-environ"
version = "0.14.0"
description = "A package that allows you to utilize 12factor inspired environment variables to configure your Django application."
optional = false
python-versions = "<4,>=3.9"
groups = ["main"]
files = [
    {file = "django_environ-0.14.0-py3-none-any.whl", hash = "sha256:8dbe8a57f0a540ab8abd6f54f230de5e99e3a2c9d797cb9caecb037bca3d47d8"},
    {file = "django_environ-0.14.0.tar.gz", hash = "sha256:b6c48d93b9d2ff8a3ea14099e90c35aa4f101c1b4d5f262dfee0d27b06742ed7"},
]

[package.extras]
develop = ["coverage[toml] (>=5.0a4)", "furo (>=2024.8.6)", "pytest (>=4.6.11)", "setuptools (>=71.0.0)", "sphinx (>=5.0)", "sphinx-copybutton", "sphinx-notfound-page"]
docs = ["furo (>=2024.8.6)", "sphinx (>=5.0)", "sphinx-copybutton", "sphinx-notfound-page"]
testing = ["coverage[toml] (>=5.0a4)", "pytest (>=4.6.11)", "setuptools (>=71.0.0)"]

[[package]]
name = "django-filter"
version = "26.1"
description = "Django-filter is a reusable Django application for allowing users to filter querysets dynamically."
optional = false
python-versions = ">=3.10"
groups = ["main"]
files = [
    {file = "django_filter-26.1-py3-none-any.whl", hash = "sha256:7d98ef2899218e6242619b532cb1b95af14e09dfcf74844aecb550ad27b59ff2"},
    {file = "django_filter-26.1.tar.gz", hash = "sha256:66ea04031b068c77c86e1ac26ced7a3f8f13ce797f5795751707e3deefc58054"},
]

[package.dependencies]
Django = ">=5.2"

[package.extras]
drf = ["djangorestframework"]

[[package]]
name = "djangorestframework"
version = "3.18.0"
description = "Web APIs for Django, made easy."
optional = false
python-versions = ">=3.10"
groups = ["main"]
files = [
    {file = "djangorestframework-3.18.0-py3-none-any.whl", hash = "sha256:381fc44d3249c9565c5f723850855b734e99030eb30957a49f506d3fe11d7dcb"},
    {file = "djangorestframework-3.18.0.tar.gz", hash = "sha256:2323a5111837e0b784dcb8323abc78ecc54fa2a5af7aff2677cf50cdd849477f"},
]

[package.dependencies]
django = ">=5.2"

[[package]]
name = "djangorestframework-gis"
version = "1.3.0"
description = "Geographic add-ons for Django Rest Framework"
optional = false
python-versions = "*"
groups = ["main"]
files = [
    {file = "djangorestframework_gis-1.3.0-py2.py3-none-any.whl", hash = "sha256:6e39a16f17c62cb4f4e2a6e5c0821fe257a6bf458c48933e07dbc442262ee500"},
    {file = "djangorestframework_gis-1.3.0.tar.gz", hash = "sha256:f9ab54cf2f737f798fccd1f3b0501377f1053699ca421154cc3fb3edc4856366"},
]

[package.dependencies]
django = ">=4.2"
django-filter = ">=23.5,<27.0"
djangorestframework = ">=3.12,<3.19"

[[package]]
name = "psycopg"
version = "3.3.5"
description = "PostgreSQL database adapter for Python"
optional = false
python-versions = ">=3.10"
groups = ["main"]
files = [
    {file = "psycopg-3.3.5-py3-none-any.whl", hash = "sha256:ce5aa5cdb4f9379f00f487590e5890bfa7df9a164648c969ffa628505e21af4e"},
    {file = "psycopg-3.3.5.tar.gz", hash = "sha256:d0a3d9ccf5788af054cbd745278cb02401b5c312aeaafbf2c6144460aec47da4"},
]

[package.dependencies]
psycopg-binary = {version = "3.3.5", optional = true, markers = "implementation_name != \"pypy\" and extra == \"binary\""}
tzdata = {version = "*", markers = "sys_platform == \"win32\""}

[package.extras]
binary = ["psycopg-binary (==3.3.5) ; implementation_name != \"pypy\""]
c = ["psycopg-c (==3.3.5) ; implementation_name != \"pypy\""]
dev = ["ast-comments (>=1.1.2)", "black (>=26.1.0)", "codespell (>=2.2)", "cython-lint (>=0.21)", "dnspython (>=2.1)", "flake8 (>=4.0)", "isort-psycopg", "isort[colors] (>=6.0,<9.0)", "mypy (>=2.1.0)", "pre-commit (>=4.0.1)", "types-setuptools (>=57.4)", "types-shapely (>=2.0)", "wheel (>=0.37)"]
docs = ["Sphinx (>=9.1)", "furo (==2025.12.19)", "sphinx-autobuild (>=2025.8.25)", "sphinx-autodoc-typehints (>=3.10.2)"]
pool = ["psycopg-pool"]
test = ["anyio (>=4.0)", "mypy (>=2.1.0) ; implementation_name != \"pypy\"", "pproxy (>=2.7)", "pytest (>=6.2.5)", "pytest-cov (>=3.0)", "pytest-randomly (>=3.5)"]

[[package]]
name = "psycopg-binary"
version = "3.3.5"
description = "PostgreSQL database adapter for Python -- C optimisation distribution"
optional = false
python-versions = ">=3.10"
groups = ["main"]
markers = "implementation_name != \"pypy\""
files = [
    {file = "psycopg_binary-3.3.5-cp310-cp310-macosx_10_9_x86_64.whl", hash = "sha256:cd0faa2475ab254ad1b507430131cf7f7f0be927ffdc03c32ad3b33d2ef63f42"},
    {file = "psycopg_binary-3.3.5-cp310-cp310-macosx_11_0_arm64.whl", hash = "sha256:0d8a4b7ae47f3381e2ded89891d2455b809f4afb7e5b58086844abb8cfa420ea"},
    {file = "psycopg_binary-3.3.5-cp310-cp310-manylinux2014_ppc64le.manylinux_2_17_ppc64le.whl", hash = "sha256:04f64b39830887c2c737b522cbfd6ad215d65e67ebfff674aa4cf21c02af487b"},
    {file = "psycopg_binary-3.3.5-cp310-cp310-manylinux2014_x86_64.manylinux_2_17_x86_64.whl", hash = "sha256:d06da67e9c687c6a6fdac9da4b17cbeb296ddd59bd01f6416ed4294bc57c5faf"},
    {file = "psycopg_binary-3.3.5-cp310-cp310-manylinux_2_27_aarch64.manylinux_2_28_aarch64.whl", hash = "sha256:972cc28e943746e71ede254a4dfd1fdfcdd6dcadd6f375703849859f09377f24"},
    {file = "psycopg_binary-3.3.5-cp310-cp310-manylinux_2_38_riscv64.manylinux_2_39_riscv64.whl", hash = "sha256:553b5443cbc94fdb9b0e31b62acdf615e0780982d6b13752a15eb3d6c0dfd0d2"},
    {file = "psycopg_binary-3.3.5-cp310-cp310-musllinux_1_2_aarch64.whl", hash = "sha256:fd5b047c9fd887b767d063845413e405f5de8ce1dc7a9d0da0637b77b836b469"},
    {file = "psycopg_binary-3.3.5-cp310-cp310-musllinux_1_2_ppc64le.whl", hash = "sha256:4901e5b9a31c230211a1871263b6594373bacd770b14ad9b14d349716cb69cbe"},
    {file = "psycopg_binary-3.3.5-cp310-cp310-musllinux_1_2_riscv64.whl", hash = "sha256:5b981d25fc2dd13fa7328e40703ea8a03f3e9d855ec946431e96a23206d3b9fd"},
    {file = "psycopg_binary-3.3.5-cp310-cp310-musllinux_1_2_x86_64.whl", hash = "sha256:39e70c8e3b5fad70e2970ea4cc502bf3b612018f128aa1c670f1fa78b9774543"},
    {file = "psycopg_binary-3.3.5-cp310-cp310-win_amd64.whl", hash = "sha256:ae67072db949d0c094b747a8ec52ad0fa3c42b27842a5f746f3613d54dde3fba"},
    {file = "psycopg_binary-3.3.5-cp311-cp311-macosx_10_9_x86_64.whl", hash = "sha256:c6bd84e4cf67930f26f015dec33f615472b9c5871d46408efe112dbc1bc021de"},
    {file = "psycopg_binary-3.3.5-cp311-cp311-macosx_11_0_arm64.whl", hash = "sha256:fdbeb38c9b7ca8fa57a7bda3802bedb62f4494ad3dd46c7dd36dc3f77fd5093f"},
    {file = "psycopg_binary-3.3.5-cp311-cp311-manylinux2014_ppc64le.manylinux_2_17_ppc64le.whl", hash = "sha256:06de14ac978a2d53e864069fb5487075c6e3cfb0740f1bfd7017bc8b9942067f"},
    {file = "psycopg_binary-3.3.5-cp311-cp311-manylinux2014_x86_64.manylinux_2_17_x86_64.whl", hash = "sha256:d8b66353b20e79bf7ac0a80f03ae97f522ccbbf909d687eec62f112e56c0276d"},
    {file = "psycopg_binary-3.3.5-cp311-cp311-manylinux_2_27_aarch64.manylinux_2_28_aarch64.whl", hash = "sha256:af5084124fb2fd16557073822519dfe8c389636a16adef661a4c0c3918733171"},
    {file = "psycopg_binary-3.3.5-cp311-cp311-manylinux_2_38_riscv64.manylinux_2_39_riscv64.whl", hash = "sha256:1344fd57a19737554670e67aecabd4fb37cd7937f2925840009645d641117e5a"},
    {file = "psycopg_binary-3.3.5-cp311-cp311-musllinux_1_2_aarch64.whl", hash = "sha256:2719fe19a4da752c4110cc767716d0a5bdb760d1153d89018bb7c9c61717bde5"},
    {file = "psycopg_binary-3.3.5-cp311-cp311-musllinux_1_2_ppc64le.whl", hash = "sha256:893ce86a4b997f6ca1261a7826db2506727332a6ff66646fa7f024b39b5e630e"},
    {file = "psycopg_binary-3.3.5-cp311-cp311-musllinux_1_2_riscv64.whl", hash = "sha256:a5e45e4bb68656253ce5c7a344c0a425c293581eba954d7fd7c2e4b2dc9f3038"},
    {file = "psycopg_binary-3.3.5-cp311-cp311-musllinux_1_2_x86_64.whl", hash = "sha256:ca8af7c0454cdce235d4aedcb5528857468f1490202d25e24fc7af40e176d563"},
    {file = "psycopg_binary-3.3.5-cp311-cp311-win_amd64.whl", hash = "sha256:7b443f943abfe35aa5a776630cea27c9348aa66659286cee0b99084332252080"},
    {file = "psycopg_binary-3.3.5-cp312-cp312-macosx_10_13_x86_64.whl", hash = "sha256:25105f9b46bdf2a30fcb67f56976ed66f6855941ae16bc024192609b917d493c"},
    {file = "psycopg_binary-3.3.5-cp312-cp312-macosx_11_0_arm64.whl", hash = "sha256:0249c3e960cdee686000eb77169fb6590105c05bacc37e057ccdffdcd8e6ebde"},
    {file = "psycopg_binary-3.3.5-cp312-cp312-manylinux2014_ppc64le.manylinux_2_17_ppc64le.whl", hash = "sha256:5698ab5941a4d138c30fef858588e651fe7d583280cd6e41832825ad9e747750"},
    {file = "psycopg_binary-3.3.5-cp312-cp312-manylinux2014_x86_64.manylinux_2_17_x86_64.whl", hash = "sha256:682a17a57415c3ca1731eec018ed031f012ffcb81ba74806eb219cb396065672"},
    {file = "psycopg_binary-3.3.5-cp312-cp312-manylinux_2_27_aarch64.manylinux_2_28_aarch64.whl", hash = "sha256:d2a61e8147902771df7efe14062a3c8736347850d0d8befcf048235752504f2e"},
    {file = "psycopg_binary-3.3.5-cp312-cp312-manylinux_2_38_riscv64.manylinux_2_39_riscv64.whl", hash = "sha256:f7e1e45aad410e20de45df2b159df68ff6c8dbf47a3501f806c4489b27f4ad2b"},
    {file = "psycopg_binary-3.3.5-cp312-cp312-musllinux_1_2_aarch64.whl", hash = "sha256:c09775c549b40b274206e1b043c5e5b5af39666e85c98382a30bd05d23ab677b"},
    {file = "psycopg_binary-3.3.5-cp312-cp312-musllinux_1_2_ppc64le.whl", hash = "sha256:cf0e5e63ee86098299c673992053d556c489ba9ae6aca6cb6e24d16a8e0b09e6"},
    {file = "psycopg_binary-3.3.5-cp312-cp312-musllinux_1_2_riscv64.whl", hash = "sha256:c065531e8c1815276f50dbfa283e3a7f022671414cdda6fa9a16794dd53b28f9"},
    {file = "psycopg_binary-3.3.5-cp312-cp312-musllinux_1_2_x86_64.whl", hash = "sha256:df9853b832b7b916e02ef68e0d5403a7dab2d5c1ddfe94f22b1b155eb862622f"},
    {file = "psycopg_binary-3.3.5-cp312-cp312-win_amd64.whl", hash = "sha256:35885e333020fc152d27bea1a494bef13b2e68f6fd92b6229015e93539152008"},
    {file = "psycopg_binary-3.3.5-cp313-cp313-macosx_10_13_x86_64.whl", hash = "sha256:6e85d50b87257fb117675a19ee59daa7bf9a57f6431500adf7059df799232ef4"},
    {file = "psycopg_binary-3.3.5-cp313-cp313-macosx_11_0_arm64.whl", hash = "sha256:e5becd311f9af8d180bad372f51fb2252fd02cb2073056e2b170c9274f95fe7f"},
    {file = "psycopg_binary-3.3.5-cp313-cp313-manylinux2014_ppc64le.manylinux_2_17_ppc64le.whl", hash = "sha256:19e5bf9872dbd164c220567fd385ba2309c7d9df1541f78343510c6b0f36a1b7"},
    {file = "psycopg_binary-3.3.5-cp313-cp313-manylinux2014_x86_64.manylinux_2_17_x86_64.whl", hash = "sha256:cb3b3bffebfe07110730626e76238161124f35ac87b748d663316a28d22f58b0"},
    {file = "psycopg_binary-3.3.5-cp313-cp313-manylinux_2_27_aarch64.manylinux_2_28_aarch64.whl", hash = "sha256:2111f880add40fb03c60556069ad68e884a0908a74d2debafc603caf93b73552"},
    {file = "psycopg_binary-3.3.5-cp313-cp313-manylinux_2_38_riscv64.manylinux_2_39_riscv64.whl", hash = "sha256:40505676b1526b9ea387dace034040a8c8b0bcf984cd6bd4720a2ab15e813586"},
    {file = "psycopg_binary-3.3.5-cp313-cp313-musllinux_1_2_aarch64.whl", hash = "sha256:5816472e3bb05615f33a741e0835043d1f4bf9709ff30d2f4aed71815cfc6b5e"},
    {file = "psycopg_binary-3.3.5-cp313-cp313-musllinux_1_2_ppc64le.whl", hash = "sha256:358748fc4c8ccdc0e2bdf55420494930e19c3ade586ea9c3a6de3dad1f897311"},
    {file = "psycopg_binary-3.3.5-cp313-cp313-musllinux_1_2_riscv64.whl", hash = "sha256:1ef2e498be47800f6202b9a2304c22646325ca6d54001b7c785bcfdb24a1e8ab"},
    {file = "psycopg_binary-3.3.5-cp313-cp313-musllinux_1_2_x86_64.whl", hash = "sha256:88e01aa2e938a45655a8a5213fc3a44ba78cb4cab8a569b3e0bcb3d1d0eaba16"},
    {file = "psycopg_binary-3.3.5-cp313-cp313-win_amd64.whl", hash = "sha256:ba466011569297114449df9d523438e1adeedf3e4f31ffb78e897ec3fef3076b"},
    {file = "psycopg_binary-3.3.5-cp314-cp314-macosx_10_15_x86_64.whl", hash = "sha256:40f8b132c7243ef5f503f0b6f986bf16d38a51b0df1c6ba2577743f128be03e3"},
    {file = "psycopg_binary-3.3.5-cp314-cp314-macosx_11_0_arm64.whl", hash = "sha256:c0cac998b9b1e82dec853d2e53b3d34d56a525cf231f9441a636cfd5992929a9"},
    {file = "psycopg_binary-3.3.5-cp314-cp314-manylinux2014_ppc64le.manylinux_2_17_ppc64le.whl", hash = "sha256:479b96fd78149cfa10369dc53fbfb89ee729be13146b584a23dbc7e164c0cf1e"},
    {file = "psycopg_binary-3.3.5-cp314-cp314-manylinux2014_x86_64.manylinux_2_17_x86_64.whl", hash = "sha256:f45d77e398542ce0937d9fa3cd9d84e9c5fc6b34c50a66404ae840bada312750"},
    {file = "psycopg_binary-3.3.5-cp314-cp314-manylinux_2_27_aarch64.manylinux_2_28_aarch64.whl", hash = "sha256:98a388509306e5e08a4203253ac52846bc1b034e5cbd0ae6da1211593cc28594"},
    {file = "psycopg_binary-3.3.5-cp314-cp314-manylinux_2_38_riscv64.manylinux_2_39_riscv64.whl", hash = "sha256:ab39e2794b95af61a2ff69e33e5ab6ac5df36e9ffea9a3b18e38b2aaca8c5ad5"},
    {file = "psycopg_binary-3.3.5-cp314-cp314-musllinux_1_2_aarch64.whl", hash = "sha256:9c071bf78e5c2e6efa40bc9089a954d7b41221347a72f35c6bf2d8c96e632f75"},
    {file = "psycopg_binary-3.3.5-cp314-cp314-musllinux_1_2_ppc64le.whl", hash = "sha256:14fdfd65a96ecbd8b586d14546105641f4a6ac7cbe335c786830ea4de94bbe60"},
    {file = "psycopg_binary-3.3.5-cp314-cp314-musllinux_1_2_riscv64.whl", hash = "sha256:8dbd694f3741dd4ac5bc60b70e17f7841aefb3f0f38cef4d2756de270e03af43"},
    {file = "psycopg_binary-3.3.5-cp314-cp314-musllinux_1_2_x86_64.whl", hash = "sha256:14f432430fd9e1a9e7d9ab2fe14956c77f5d074ebdc556a1ad04e9a1bd3fca04"},
    {file = "psycopg_binary-3.3.5-cp314-cp314-win_amd64.whl", hash = "sha256:df209e64674a34b41662c67fdc8b4e0ffd77d2136393790691d086a09f9a6cab"},
]

[[package]]
name = "pyproj"
version = "3.7.2"
description = "Python interface to PROJ (cartographic projections and coordinate transformations library)"
optional = false
python-versions = ">=3.11"
groups = ["main"]
files = [
    {file = "pyproj-3.7.2-cp311-cp311-macosx_13_0_x86_64.whl", hash = "sha256:2514d61f24c4e0bb9913e2c51487ecdaeca5f8748d8313c933693416ca41d4d5"},
    {file = "pyproj-3.7.2-cp311-cp311-macosx_14_0_arm64.whl", hash = "sha256:8693ca3892d82e70de077701ee76dd13d7bca4ae1c9d1e739d72004df015923a"},
    {file = "pyproj-3.7.2-cp311-cp311-manylinux_2_28_aarch64.whl", hash = "sha256:5e26484d80fea56273ed1555abaea161e9661d81a6c07815d54b8e883d4ceb25"},
    {file = "pyproj-3.7.2-cp311-cp311-manylinux_2_28_x86_64.whl", hash = "sha256:281cb92847814e8018010c48b4069ff858a30236638631c1a91dd7bfa68f8a8a"},
    {file = "pyproj-3.7.2-cp311-cp311-musllinux_1_2_aarch64.whl", hash = "sha256:9c8577f0b7bb09118ec2e57e3babdc977127dd66326d6c5d755c76b063e6d9dc"},
    {file = "pyproj-3.7.2-cp311-cp311-musllinux_1_2_x86_64.whl", hash = "sha256:a23f59904fac3a5e7364b3aa44d288234af267ca041adb2c2b14a903cd5d3ac5"},
    {file = "pyproj-3.7.2-cp311-cp311-win32.whl", hash = "sha256:f2af4ed34b2cf3e031a2d85b067a3ecbd38df073c567e04b52fa7a0202afde8a"},
    {file = "pyproj-3.7.2-cp311-cp311-win_amd64.whl", hash = "sha256:0b7cb633565129677b2a183c4d807c727d1c736fcb0568a12299383056e67433"},
    {file = "pyproj-3.7.2-cp311-cp311-win_arm64.whl", hash = "sha256:38b08d85e3a38e455625b80e9eb9f78027c8e2649a21dec4df1f9c3525460c71"},
    {file = "pyproj-3.7.2-cp312-cp312-macosx_13_0_x86_64.whl", hash = "sha256:0a9bb26a6356fb5b033433a6d1b4542158fb71e3c51de49b4c318a1dff3aeaab"},
    {file = "pyproj-3.7.2-cp312-cp312-macosx_14_0_arm64.whl", hash = "sha256:567caa03021178861fad27fabde87500ec6d2ee173dd32f3e2d9871e40eebd68"},
    {file = "pyproj-3.7.2-cp312-cp312-manylinux_2_28_aarch64.whl", hash = "sha256:c203101d1dc3c038a56cff0447acc515dd29d6e14811406ac539c21eed422b2a"},
    {file = "pyproj-3.7.2-cp312-cp312-manylinux_2_28_x86_64.whl", hash = "sha256:1edc34266c0c23ced85f95a1ee8b47c9035eae6aca5b6b340327250e8e281630"},
    {file = "pyproj-3.7.2-cp312-cp312-musllinux_1_2_aarch64.whl", hash = "sha256:aa9f26c21bc0e2dc3d224cb1eb4020cf23e76af179a7c66fea49b828611e4260"},
    {file = "pyproj-3.7.2-cp312-cp312-musllinux_1_2_x86_64.whl", hash = "sha256:f9428b318530625cb389b9ddc9c51251e172808a4af79b82809376daaeabe5e9"},
    {file = "pyproj-3.7.2-cp312-cp312-win32.whl", hash = "sha256:b3d99ed57d319da042f175f4554fc7038aa4bcecc4ac89e217e350346b742c9d"},
    {file = "pyproj-3.7.2-cp312-cp312-win_amd64.whl", hash = "sha256:11614a054cd86a2ed968a657d00987a86eeb91fdcbd9ad3310478685dc14a128"},
    {file = "pyproj-3.7.2-cp312-cp312-win_arm64.whl", hash = "sha256:509a146d1398bafe4f53273398c3bb0b4732535065fa995270e52a9d3676bca3"},
    {file = "pyproj-3.7.2-cp313-cp313-macosx_13_0_x86_64.whl", hash = "sha256:19466e529b1b15eeefdf8ff26b06fa745856c044f2f77bf0edbae94078c1dfa1"},
    {file = "pyproj-3.7.2-cp313-cp313-macosx_14_0_arm64.whl", hash = "sha256:c79b9b84c4a626c5dc324c0d666be0bfcebd99f7538d66e8898c2444221b3da7"},
    {file = "pyproj-3.7.2-cp313-cp313-manylinux_2_28_aarch64.whl", hash = "sha256:ceecf374cacca317bc09e165db38ac548ee3cad07c3609442bd70311c59c21aa"},
    {file = "pyproj-3.7.2-cp313-cp313-manylinux_2_28_x86_64.whl", hash = "sha256:5141a538ffdbe4bfd157421828bb2e07123a90a7a2d6f30fa1462abcfb5ce681"},
    {file = "pyproj-3.7.2-cp313-cp313-musllinux_1_2_aarch64.whl", hash = "sha256:f000841e98ea99acbb7b8ca168d67773b0191de95187228a16110245c5d954d5"},
    {file = "pyproj-3.7.2-cp313-cp313-musllinux_1_2_x86_64.whl", hash = "sha256:8115faf2597f281a42ab608ceac346b4eb1383d3b45ab474fd37341c4bf82a67"},
    {file = "pyproj-3.7.2-cp313-cp313-win32.whl", hash = "sha256:f18c0579dd6be00b970cb1a6719197fceecc407515bab37da0066f0184aafdf3"},
    {file = "pyproj-3.7.2-cp313-cp313-win_amd64.whl", hash = "sha256:bb41c29d5f60854b1075853fe80c58950b398d4ebb404eb532536ac8d2834ed7"},
    {file = "pyproj-3.7.2-cp313-cp313-win_arm64.whl", hash = "sha256:2b617d573be4118c11cd96b8891a0b7f65778fa7733ed8ecdb297a447d439100"},
    {file = "pyproj-3.7.2-cp313-cp313t-macosx_13_0_x86_64.whl", hash = "sha256:d27b48f0e81beeaa2b4d60c516c3a1cfbb0c7ff6ef71256d8e9c07792f735279"},
    {file = "pyproj-3.7.2-cp313-cp313t-macosx_14_0_arm64.whl", hash = "sha256:55a3610d75023c7b1c6e583e48ef8f62918e85a2ae81300569d9f104d6684bb6"},
    {file = "pyproj-3.7.2-cp313-cp313t-manylinux_2_28_aarch64.whl", hash = "sha256:8d7349182fa622696787cc9e195508d2a41a64765da9b8a6bee846702b9e6220"},
    {file = "pyproj-3.7.2-cp313-cp313t-manylinux_2_28_x86_64.whl", hash = "sha256:d230b186eb876ed4f29a7c5ee310144c3a0e44e89e55f65fb3607e13f6db337c"},
    {file = "pyproj-3.7.2-cp313-cp313t-musllinux_1_2_aarch64.whl", hash = "sha256:237499c7862c578d0369e2b8ac56eec550e391a025ff70e2af8417139dabb41c"},
    {file = "pyproj-3.7.2-cp313-cp313t-musllinux_1_2_x86_64.whl", hash = "sha256:8c225f5978abd506fd9a78eaaf794435e823c9156091cabaab5374efb29d7f69"},
    {file = "pyproj-3.7.2-cp313-cp313t-win32.whl", hash = "sha256:2da731876d27639ff9d2d81c151f6ab90a1546455fabd93368e753047be344a2"},
    {file = "pyproj-3.7.2-cp313-cp313t-win_amd64.whl", hash = "sha256:f54d91ae18dd23b6c0ab48126d446820e725419da10617d86a1b69ada6d881d3"},
    {file = "pyproj-3.7.2-cp313-cp313t-win_arm64.whl", hash = "sha256:fc52ba896cfc3214dc9f9ca3c0677a623e8fdd096b257c14a31e719d21ff3fdd"},
    {file = "pyproj-3.7.2-cp314-cp314-macosx_13_0_x86_64.whl", hash = "sha256:2aaa328605ace41db050d06bac1adc11f01b71fe95c18661497763116c3a0f02"},
    {file = "pyproj-3.7.2-cp314-cp314-macosx_14_0_arm64.whl", hash = "sha256:35dccbce8201313c596a970fde90e33605248b66272595c061b511c8100ccc08"},
    {file = "pyproj-3.7.2-cp314-cp314-manylinux_2_28_aarch64.whl", hash = "sha256:25b0b7cb0042444c29a164b993c45c1b8013d6c48baa61dc1160d834a277e83b"},
    {file = "pyproj-3.7.2-cp314-cp314-manylinux_2_28_x86_64.whl", hash = "sha256:85def3a6388e9ba51f964619aa002a9d2098e77c6454ff47773bb68871024281"},
    {file = "pyproj-3.7.2-cp314-cp314-musllinux_1_2_aarch64.whl", hash = "sha256:b1bccefec3875ab81eabf49059e2b2ea77362c178b66fd3528c3e4df242f1516"},
    {file = "pyproj-3.7.2-cp314-cp314-musllinux_1_2_x86_64.whl", hash = "sha256:d5371ca114d6990b675247355a801925814eca53e6c4b2f1b5c0a956336ee36e"},
    {file = "pyproj-3.7.2-cp314-cp314-win32.whl", hash = "sha256:77f066626030f41be543274f5ac79f2a511fe89860ecd0914f22131b40a0ec25"},
    {file = "pyproj-3.7.2-cp314-cp314-win_amd64.whl", hash = "sha256:5a964da1696b8522806f4276ab04ccfff8f9eb95133a92a25900697609d40112"},
    {file = "pyproj-3.7.2-cp314-cp314-win_arm64.whl", hash = "sha256:e258ab4dbd3cf627809067c0ba8f9884ea76c8e5999d039fb37a1619c6c3e1f6"},
    {file = "pyproj-3.7.2-cp314-cp314t-macosx_13_0_x86_64.whl", hash = "sha256:bbbac2f930c6d266f70ec75df35ef851d96fdb3701c674f42fd23a9314573b37"},
    {file = "pyproj-3.7.2-cp314-cp314t-macosx_14_0_arm64.whl", hash = "sha256:b7544e0a3d6339dc9151e9c8f3ea62a936ab7cc446a806ec448bbe86aebb979b"},
    {file = "pyproj-3.7.2-cp314-cp314t-manylinux_2_28_aarch64.whl", hash = "sha256:f7f5133dca4c703e8acadf6f30bc567d39a42c6af321e7f81975c2518f3ed357"},
    {file = "pyproj-3.7.2-cp314-cp314t-manylinux_2_28_x86_64.whl", hash = "sha256:5aff3343038d7426aa5076f07feb88065f50e0502d1b0d7c22ddfdd2c75a3f81"},
    {file = "pyproj-3.7.2-cp314-cp314t-musllinux_1_2_aarch64.whl", hash = "sha256:b0552178c61f2ac1c820d087e8ba6e62b29442debddbb09d51c4bf8acc84d888"},
    {file = "pyproj-3.7.2-cp314-cp314t-musllinux_1_2_x86_64.whl", hash = "sha256:47d87db2d2c436c5fd0409b34d70bb6cdb875cca2ebe7a9d1c442367b0ab8d59"},
    {file = "pyproj-3.7.2-cp314-cp314t-win32.whl", hash = "sha256:c9b6f1d8ad3e80a0ee0903a778b6ece7dca1d1d40f6d114ae01bc8ddbad971aa"},
    {file = "pyproj-3.7.2-cp314-cp314t-win_amd64.whl", hash = "sha256:1914e29e27933ba6f9822663ee0600f169014a2859f851c054c88cf5ea8a333c"},
    {file = "pyproj-3.7.2-cp314-cp314t-win_arm64.whl", hash = "sha256:d9d25bae416a24397e0d85739f84d323b55f6511e45a522dd7d7eae70d10c7e4"},
    {file = "pyproj-3.7.2.tar.gz", hash = "sha256:39a0cf1ecc7e282d1d30f36594ebd55c9fae1fda8a2622cee5d100430628f88c"},
]

[package.dependencies]
certifi = "*"

[[package]]
name = "sqlparse"
version = "0.6.0"
description = "A non-validating SQL parser."
optional = false
python-versions = ">=3.10"
groups = ["main"]
files = [
    {file = "sqlparse-0.6.0-py3-none-any.whl", hash = "sha256:b861c0288ce2fa56209a9a6412d2e066ac664b3873b89c26c9d8415e8e32996f"},
    {file = "sqlparse-0.6.0.tar.gz", hash = "sha256:113c35c75365ab9cc9c7231d68c6428fb11c085fc8e9eb1ad659b7ddbf6cd2b9"},
]

[package.extras]
dev = ["build"]
doc = ["furo", "sphinx"]

[[package]]
name = "tzdata"
version = "2026.3"
description = "Provider of IANA time zone data"
optional = false
python-versions = ">=2"
groups = ["main"]
markers = "sys_platform == \"win32\""
files = [
    {file = "tzdata-2026.3-py2.py3-none-any.whl", hash = "sha256:dc096730c87af6cab1b171c9d532be840741ff5d459015e7f6947bd7d7e54931"},
    {file = "tzdata-2026.3.tar.gz", hash = "sha256:4a1518b8993086a7982523e071643f3c0e5f213e75b21318e78bcabfff9d1415"},
]

[metadata]
lock-version = "2.1"
python-versions = "^3.13"
content-hash = "89877556769ecf0c37085f75f19355b2209a7fe6f9411f6b56a476b493b0e063"
